<?xml version="1.0" encoding="utf-8"?>
<Project ToolsVersion="4.0" xmlns="http://schemas.microsoft.com/developer/msbuild/2003">
  <ItemGroup>
    <ClCompile Include="Main.cpp" />
    <ClCompile Include="PotionRecipe.cpp">
      <Filter>Contents\Potion</Filter>
    </ClCompile>
    <ClCompile Include="AlchemyWorkshop.cpp">
      <Filter>Contents\Shop</Filter>
    </ClCompile>
    <ClCompile Include="PotionDictionary.cpp">
      <Filter>Contents\Shop\ShopFunc</Filter>
    </ClCompile>
    <ClCompile Include="PotionRepository.cpp">
      <Filter>Contents\Shop\ShopFunc</Filter>
    </ClCompile>
  </ItemGroup>
  <ItemGroup>
    <Filter Include="Contents">
      <UniqueIdentifier>{14cdd15f-94db-4ec7-a70b-daa55cef3a7e}</UniqueIdentifier>
    </Filter>
    <Filter Include="Contents\Potion">
      <UniqueIdentifier>{d4126a40-7ae9-4aee-b71c-b59581ff5c30}</UniqueIdentifier>
    </Filter>
    <Filter Include="Contents\Shop">
      <UniqueIdentifier>{0139b04f-ea7c-498d-ae66-bfc3e785f21c}</UniqueIdentifier>
    </Filter>
    <Filter Include="Contents\Shop\ShopFunc">
      <UniqueIdentifier>{fda6b30f-7510-4720-b57c-f4a759a09f53}</UniqueIdentifier>
    </Filter>
  </ItemGroup>
  <ItemGroup>
    <ClInclude Include="PotionRecipe.h">
      <Filter>Contents\Potion</Filter>
    </ClInclude>
    <ClInclude Include="AlchemyWorkshop.h">
      <Filter>Contents\Shop</Filter>
    </ClInclude>
    <ClInclude Include="PotionDictionary.h">
      <Filter>Contents\Shop\ShopFunc</Filter>
    </ClInclude>
    <ClInclude Include="PotionRepository.h">
      <Filter>Contents\Shop\ShopFunc</Filter>
    </ClInclude>
  </ItemGroup>
</Project>